
Microsoft Visual Studio Solution File, Format Version 12.00
# Visual Studio 2012
Project("{FAE04EC0-301F-11D3-BF4B-00C04F79EFBC}") = "Entidades", "Entidades\Entidades.csproj", "{6178FAC8-8F78-4E4A-8C02-C481CE0C208C}"
EndProject
Project("{FAE04EC0-301F-11D3-BF4B-00C04F79EFBC}") = "program", "program\program.csproj", "{857F5836-6BDE-4E28-A191-1B3046E066C3}"
EndProject
Global
	GlobalSection(SolutionConfigurationPlatforms) = preSolution
		Debug|Any CPU = Debug|Any CPU
		Release|Any CPU = Release|Any CPU
	EndGlobalSection
	GlobalSection(ProjectConfigurationPlatforms) = postSolution
		{6178FAC8-8F78-4E4A-8C02-C481CE0C208C}.Debug|Any CPU.ActiveCfg = Debug|Any CPU
		{6178FAC8-8F78-4E4A-8C02-C481CE0C208C}.Debug|Any CPU.Build.0 = Debug|Any CPU
		{6178FAC8-8F78-4E4A-8C02-C481CE0C208C}.Release|Any CPU.ActiveCfg = Release|Any CPU
		{6178FAC8-8F78-4E4A-8C02-C481CE0C208C}.Release|Any CPU.Build.0 = Release|Any CPU
		{857F5836-6BDE-4E28-A191-1B3046E066C3}.Debug|Any CPU.ActiveCfg = Debug|Any CPU
		{857F5836-6BDE-4E28-A191-1B3046E066C3}.Debug|Any CPU.Build.0 = Debug|Any CPU
		{857F5836-6BDE-4E28-A191-1B3046E066C3}.Release|Any CPU.ActiveCfg = Release|Any CPU
		{857F5836-6BDE-4E28-A191-1B3046E066C3}.Release|Any CPU.Build.0 = Release|Any CPU
	EndGlobalSection
	GlobalSection(SolutionProperties) = preSolution
		HideSolutionNode = FALSE
	EndGlobalSection
EndGlobal
